
Microsoft Visual Studio Solution File, Format Version 12.00
# Visual Studio Version 17
VisualStudioVersion = 17.5.33530.505
MinimumVisualStudioVersion = 10.0.40219.1
Project("{9A19103F-16F7-4668-BE54-9A1E7A4F7556}") = "PROJECT.API", "PROJECT.API\PROJECT.API.csproj", "{C622F925-AB98-4EE2-B896-CD0310ED6779}"
EndProject
Project("{FAE04EC0-301F-11D3-BF4B-00C04F79EFBC}") = "PROJECT.Core", "PROJECT.Core\PROJECT.Core.csproj", "{56C09A1B-6294-4E28-BC7A-00DDD2B4E41B}"
EndProject
Project("{FAE04EC0-301F-11D3-BF4B-00C04F79EFBC}") = "PROJECT.Service", "PROJECT.Service\PROJECT.Service.csproj", "{FD9C6F0B-8D88-42B2-81D6-6B2300844A58}"
EndProject
Global
	GlobalSection(SolutionConfigurationPlatforms) = preSolution
		Debug|Any CPU = Debug|Any CPU
		Release|Any CPU = Release|Any CPU
	EndGlobalSection
	GlobalSection(ProjectConfigurationPlatforms) = postSolution
		{C622F925-AB98-4EE2-B896-CD0310ED6779}.Debug|Any CPU.ActiveCfg = Debug|Any CPU
		{C622F925-AB98-4EE2-B896-CD0310ED6779}.Debug|Any CPU.Build.0 = Debug|Any CPU
		{C622F925-AB98-4EE2-B896-CD0310ED6779}.Release|Any CPU.ActiveCfg = Release|Any CPU
		{C622F925-AB98-4EE2-B896-CD0310ED6779}.Release|Any CPU.Build.0 = Release|Any CPU
		{56C09A1B-6294-4E28-BC7A-00DDD2B4E41B}.Debug|Any CPU.ActiveCfg = Debug|Any CPU
		{56C09A1B-6294-4E28-BC7A-00DDD2B4E41B}.Debug|Any CPU.Build.0 = Debug|Any CPU
		{56C09A1B-6294-4E28-BC7A-00DDD2B4E41B}.Release|Any CPU.ActiveCfg = Release|Any CPU
		{56C09A1B-6294-4E28-BC7A-00DDD2B4E41B}.Release|Any CPU.Build.0 = Release|Any CPU
		{FD9C6F0B-8D88-42B2-81D6-6B2300844A58}.Debug|Any CPU.ActiveCfg = Debug|Any CPU
		{FD9C6F0B-8D88-42B2-81D6-6B2300844A58}.Debug|Any CPU.Build.0 = Debug|Any CPU
		{FD9C6F0B-8D88-42B2-81D6-6B2300844A58}.Release|Any CPU.ActiveCfg = Release|Any CPU
		{FD9C6F0B-8D88-42B2-81D6-6B2300844A58}.Release|Any CPU.Build.0 = Release|Any CPU
	EndGlobalSection
	GlobalSection(SolutionProperties) = preSolution
		HideSolutionNode = FALSE
	EndGlobalSection
	GlobalSection(ExtensibilityGlobals) = postSolution
		SolutionGuid = {1F250D85-D2CF-4DB5-BC43-48B36B03BBB8}
	EndGlobalSection
EndGlobal
